{
  "name": "flappy-yoko",
  "version": "1.0.0",
  "lockfileVersion": 2,
  "requires": true,
  "packages": {
    "": {
      "version": "1.0.0",
      "license": "ISC",
      "dependencies": {
        "kaboom": "^2000.2.8"
      }
    },
    "node_modules/kaboom": {
      "version": "2000.2.8",
      "resolved": "https://registry.npmjs.org/kaboom/-/kaboom-2000.2.8.tgz",
      "integrity": "sha512-Uqv/RxLoEmUEeXfCv8aTEfw7kb4FAcq1PuXiRaNCr//iogKrDXCQFNQeG6dJA1fe+B4SswZ34/tp7LjC1b/y/w=="
    }
  },
  "dependencies": {
    "kaboom": {
      "version": "2000.2.8",
      "resolved": "https://registry.npmjs.org/kaboom/-/kaboom-2000.2.8.tgz",
      "integrity": "sha512-Uqv/RxLoEmUEeXfCv8aTEfw7kb4FAcq1PuXiRaNCr//iogKrDXCQFNQeG6dJA1fe+B4SswZ34/tp7LjC1b/y/w=="
    }
  }
}
